
Microsoft Visual Studio Solution File, Format Version 12.00
# Visual Studio Version 16
VisualStudioVersion = 16.0.29326.143
MinimumVisualStudioVersion = 10.0.40219.1
Project("{FAE04EC0-301F-11D3-BF4B-00C04F79EFBC}") = "UNiDAYS Discounts Coding Challenge2", "UNiDAYS Discounts Coding Challenge2\UNiDAYS Discounts Coding Challenge2.csproj", "{EFA88EF2-46A1-40B4-A6F9-DFA8191AEFAF}"
EndProject
Global
	GlobalSection(SolutionConfigurationPlatforms) = preSolution
		Debug|Any CPU = Debug|Any CPU
		Release|Any CPU = Release|Any CPU
	EndGlobalSection
	GlobalSection(ProjectConfigurationPlatforms) = postSolution
		{EFA88EF2-46A1-40B4-A6F9-DFA8191AEFAF}.Debug|Any CPU.ActiveCfg = Debug|Any CPU
		{EFA88EF2-46A1-40B4-A6F9-DFA8191AEFAF}.Debug|Any CPU.Build.0 = Debug|Any CPU
		{EFA88EF2-46A1-40B4-A6F9-DFA8191AEFAF}.Release|Any CPU.ActiveCfg = Release|Any CPU
		{EFA88EF2-46A1-40B4-A6F9-DFA8191AEFAF}.Release|Any CPU.Build.0 = Release|Any CPU
	EndGlobalSection
	GlobalSection(SolutionProperties) = preSolution
		HideSolutionNode = FALSE
	EndGlobalSection
	GlobalSection(ExtensibilityGlobals) = postSolution
		SolutionGuid = {B90C84B8-F589-48C1-BA72-A9AC334C98C9}
	EndGlobalSection
EndGlobal
